
Microsoft Visual Studio Solution File, Format Version 12.00
# Visual Studio Version 17
VisualStudioVersion = 17.4.33213.308
MinimumVisualStudioVersion = 10.0.40219.1
Project("{34036844-64E7-43A5-9151-4AD90E180989}") = "ModuleTwin.Device", "ModuleTwin.Device\ModuleTwin.Device.iotedgeproj", "{EA182DD5-D756-45DF-BDE5-7BFCFC166908}"
EndProject
Project("{FAE04EC0-301F-11D3-BF4B-00C04F79EFBC}") = "ModuleTwinEdge", "ModuleTwinEdge\ModuleTwinEdge.csproj", "{B257A70E-634A-435B-B8DF-D109FB725728}"
EndProject
Project("{2150E333-8FDC-42A3-9474-1A3956D46DE8}") = "Solution", "Solution", "{3DE0520A-6186-41AA-8513-E9C0EC6EECF0}"
	ProjectSection(SolutionItems) = preProject
		ModuleTwin.Device\.env = ModuleTwin.Device\.env
		README.md = README.md
	EndProjectSection
EndProject
Project("{FAE04EC0-301F-11D3-BF4B-00C04F79EFBC}") = "ModuleTwinFunction", "ModuleTwinFunction\ModuleTwinFunction.csproj", "{8ACAABA0-E033-4324-A64C-2BA705C60E15}"
EndProject
Global
	GlobalSection(SolutionConfigurationPlatforms) = preSolution
		Debug|Any CPU = Debug|Any CPU
		Release|Any CPU = Release|Any CPU
	EndGlobalSection
	GlobalSection(ProjectConfigurationPlatforms) = postSolution
		{EA182DD5-D756-45DF-BDE5-7BFCFC166908}.Debug|Any CPU.ActiveCfg = Debug|Any CPU
		{EA182DD5-D756-45DF-BDE5-7BFCFC166908}.Debug|Any CPU.Build.0 = Debug|Any CPU
		{EA182DD5-D756-45DF-BDE5-7BFCFC166908}.Release|Any CPU.ActiveCfg = Release|Any CPU
		{EA182DD5-D756-45DF-BDE5-7BFCFC166908}.Release|Any CPU.Build.0 = Release|Any CPU
		{B257A70E-634A-435B-B8DF-D109FB725728}.Debug|Any CPU.ActiveCfg = Debug|Any CPU
		{B257A70E-634A-435B-B8DF-D109FB725728}.Debug|Any CPU.Build.0 = Debug|Any CPU
		{B257A70E-634A-435B-B8DF-D109FB725728}.Release|Any CPU.ActiveCfg = Release|Any CPU
		{B257A70E-634A-435B-B8DF-D109FB725728}.Release|Any CPU.Build.0 = Release|Any CPU
		{8ACAABA0-E033-4324-A64C-2BA705C60E15}.Debug|Any CPU.ActiveCfg = Debug|Any CPU
		{8ACAABA0-E033-4324-A64C-2BA705C60E15}.Debug|Any CPU.Build.0 = Debug|Any CPU
		{8ACAABA0-E033-4324-A64C-2BA705C60E15}.Release|Any CPU.ActiveCfg = Release|Any CPU
		{8ACAABA0-E033-4324-A64C-2BA705C60E15}.Release|Any CPU.Build.0 = Release|Any CPU
	EndGlobalSection
	GlobalSection(SolutionProperties) = preSolution
		HideSolutionNode = FALSE
	EndGlobalSection
	GlobalSection(ExtensibilityGlobals) = postSolution
		SolutionGuid = {AC1367A1-E2FB-4FE7-B4CC-2024CFA16E1B}
	EndGlobalSection
EndGlobal
